
Microsoft Visual Studio Solution File, Format Version 12.00
# Visual Studio Version 17
VisualStudioVersion = 17.3.32929.385
MinimumVisualStudioVersion = 10.0.40219.1
Project("{2150E333-8FDC-42A3-9474-1A3956D46DE8}") = "FrontEnd", "FrontEnd", "{07779346-4FE9-4416-ACB8-662621F68779}"
EndProject
Project("{9A19103F-16F7-4668-BE54-9A1E7A4F7556}") = "Assos.Web", "Assos.Web\Assos.Web.csproj", "{B4105D56-770E-4689-A6D1-F1EE045C03BA}"
EndProject
Project("{2150E333-8FDC-42A3-9474-1A3956D46DE8}") = "Services", "Services", "{AC3EE4AB-620E-485E-A883-5861D74D2FF0}"
EndProject
Project("{9A19103F-16F7-4668-BE54-9A1E7A4F7556}") = "Assos.Services.ProductAPI", "Assos.Services.ProductAPI\Assos.Services.ProductAPI.csproj", "{D3B273AE-30AA-48C9-A4D6-145FA31A6964}"
EndProject
Project("{9A19103F-16F7-4668-BE54-9A1E7A4F7556}") = "Assos.Services.Identity", "Assos.Services.Identity\Assos.Services.Identity.csproj", "{AFA92727-A10A-4247-BF39-2D7E54512E5E}"
EndProject
Project("{9A19103F-16F7-4668-BE54-9A1E7A4F7556}") = "Assos.Services.ShoppingCartAPI", "Assos.Services.ShoppingCartAPI\Assos.Services.ShoppingCartAPI.csproj", "{6113598A-996F-48AD-A3F5-4DE1FE0B4FD1}"
EndProject
Project("{9A19103F-16F7-4668-BE54-9A1E7A4F7556}") = "Assos.Services.CouponAPI", "Mango.Services.CouponAPI\Assos.Services.CouponAPI.csproj", "{28C9F35C-CD9F-40F7-A0DB-C646E8F96A22}"
EndProject
Project("{2150E333-8FDC-42A3-9474-1A3956D46DE8}") = "Integration", "Integration", "{20394C04-D032-483D-A144-CAEC53BD9E0A}"
EndProject
Project("{9A19103F-16F7-4668-BE54-9A1E7A4F7556}") = "Assos.MessageBus", "Assos.MessageBus\Assos.MessageBus.csproj", "{4B2BC93E-4259-4AFF-BFB0-0D7FA3253AE8}"
EndProject
Project("{9A19103F-16F7-4668-BE54-9A1E7A4F7556}") = "Assos.Services.OrderAPI", "Assos.Services.OrderAPI\Assos.Services.OrderAPI.csproj", "{C3702883-90BC-4941-A48F-E4473D405251}"
EndProject
Project("{2150E333-8FDC-42A3-9474-1A3956D46DE8}") = "Payments", "Payments", "{1AB5A1A2-42A6-4D69-95D6-1134B14D1AB9}"
EndProject
Project("{9A19103F-16F7-4668-BE54-9A1E7A4F7556}") = "PaymentProcessor", "PaymentProcessor\PaymentProcessor.csproj", "{A055C52C-79DC-4056-B5D1-63B561086BEB}"
EndProject
Project("{9A19103F-16F7-4668-BE54-9A1E7A4F7556}") = "Assos.ServicesPaymentAPI", "Assos.ServicesPaymentAPI\Assos.ServicesPaymentAPI.csproj", "{19E77C59-804D-4DAC-9F31-B37042F5DA18}"
EndProject
Project("{FAE04EC0-301F-11D3-BF4B-00C04F79EFBC}") = "Assos.Services.Email", "Assos.Services.Email\Assos.Services.Email.csproj", "{B6EDCBF6-8EC2-41C3-8A7F-6835641E6922}"
EndProject
Global
	GlobalSection(SolutionConfigurationPlatforms) = preSolution
		Debug|Any CPU = Debug|Any CPU
		Release|Any CPU = Release|Any CPU
	EndGlobalSection
	GlobalSection(ProjectConfigurationPlatforms) = postSolution
		{B4105D56-770E-4689-A6D1-F1EE045C03BA}.Debug|Any CPU.ActiveCfg = Debug|Any CPU
		{B4105D56-770E-4689-A6D1-F1EE045C03BA}.Debug|Any CPU.Build.0 = Debug|Any CPU
		{B4105D56-770E-4689-A6D1-F1EE045C03BA}.Release|Any CPU.ActiveCfg = Release|Any CPU
		{B4105D56-770E-4689-A6D1-F1EE045C03BA}.Release|Any CPU.Build.0 = Release|Any CPU
		{D3B273AE-30AA-48C9-A4D6-145FA31A6964}.Debug|Any CPU.ActiveCfg = Debug|Any CPU
		{D3B273AE-30AA-48C9-A4D6-145FA31A6964}.Debug|Any CPU.Build.0 = Debug|Any CPU
		{D3B273AE-30AA-48C9-A4D6-145FA31A6964}.Release|Any CPU.ActiveCfg = Release|Any CPU
		{D3B273AE-30AA-48C9-A4D6-145FA31A6964}.Release|Any CPU.Build.0 = Release|Any CPU
		{AFA92727-A10A-4247-BF39-2D7E54512E5E}.Debug|Any CPU.ActiveCfg = Debug|Any CPU
		{AFA92727-A10A-4247-BF39-2D7E54512E5E}.Debug|Any CPU.Build.0 = Debug|Any CPU
		{AFA92727-A10A-4247-BF39-2D7E54512E5E}.Release|Any CPU.ActiveCfg = Release|Any CPU
		{AFA92727-A10A-4247-BF39-2D7E54512E5E}.Release|Any CPU.Build.0 = Release|Any CPU
		{6113598A-996F-48AD-A3F5-4DE1FE0B4FD1}.Debug|Any CPU.ActiveCfg = Debug|Any CPU
		{6113598A-996F-48AD-A3F5-4DE1FE0B4FD1}.Debug|Any CPU.Build.0 = Debug|Any CPU
		{6113598A-996F-48AD-A3F5-4DE1FE0B4FD1}.Release|Any CPU.ActiveCfg = Release|Any CPU
		{6113598A-996F-48AD-A3F5-4DE1FE0B4FD1}.Release|Any CPU.Build.0 = Release|Any CPU
		{28C9F35C-CD9F-40F7-A0DB-C646E8F96A22}.Debug|Any CPU.ActiveCfg = Debug|Any CPU
		{28C9F35C-CD9F-40F7-A0DB-C646E8F96A22}.Debug|Any CPU.Build.0 = Debug|Any CPU
		{28C9F35C-CD9F-40F7-A0DB-C646E8F96A22}.Release|Any CPU.ActiveCfg = Release|Any CPU
		{28C9F35C-CD9F-40F7-A0DB-C646E8F96A22}.Release|Any CPU.Build.0 = Release|Any CPU
		{4B2BC93E-4259-4AFF-BFB0-0D7FA3253AE8}.Debug|Any CPU.ActiveCfg = Debug|Any CPU
		{4B2BC93E-4259-4AFF-BFB0-0D7FA3253AE8}.Debug|Any CPU.Build.0 = Debug|Any CPU
		{4B2BC93E-4259-4AFF-BFB0-0D7FA3253AE8}.Release|Any CPU.ActiveCfg = Release|Any CPU
		{4B2BC93E-4259-4AFF-BFB0-0D7FA3253AE8}.Release|Any CPU.Build.0 = Release|Any CPU
		{C3702883-90BC-4941-A48F-E4473D405251}.Debug|Any CPU.ActiveCfg = Debug|Any CPU
		{C3702883-90BC-4941-A48F-E4473D405251}.Debug|Any CPU.Build.0 = Debug|Any CPU
		{C3702883-90BC-4941-A48F-E4473D405251}.Release|Any CPU.ActiveCfg = Release|Any CPU
		{C3702883-90BC-4941-A48F-E4473D405251}.Release|Any CPU.Build.0 = Release|Any CPU
		{A055C52C-79DC-4056-B5D1-63B561086BEB}.Debug|Any CPU.ActiveCfg = Debug|Any CPU
		{A055C52C-79DC-4056-B5D1-63B561086BEB}.Debug|Any CPU.Build.0 = Debug|Any CPU
		{A055C52C-79DC-4056-B5D1-63B561086BEB}.Release|Any CPU.ActiveCfg = Release|Any CPU
		{A055C52C-79DC-4056-B5D1-63B561086BEB}.Release|Any CPU.Build.0 = Release|Any CPU
		{19E77C59-804D-4DAC-9F31-B37042F5DA18}.Debug|Any CPU.ActiveCfg = Debug|Any CPU
		{19E77C59-804D-4DAC-9F31-B37042F5DA18}.Debug|Any CPU.Build.0 = Debug|Any CPU
		{19E77C59-804D-4DAC-9F31-B37042F5DA18}.Release|Any CPU.ActiveCfg = Release|Any CPU
		{19E77C59-804D-4DAC-9F31-B37042F5DA18}.Release|Any CPU.Build.0 = Release|Any CPU
		{B6EDCBF6-8EC2-41C3-8A7F-6835641E6922}.Debug|Any CPU.ActiveCfg = Debug|Any CPU
		{B6EDCBF6-8EC2-41C3-8A7F-6835641E6922}.Debug|Any CPU.Build.0 = Debug|Any CPU
		{B6EDCBF6-8EC2-41C3-8A7F-6835641E6922}.Release|Any CPU.ActiveCfg = Release|Any CPU
		{B6EDCBF6-8EC2-41C3-8A7F-6835641E6922}.Release|Any CPU.Build.0 = Release|Any CPU
	EndGlobalSection
	GlobalSection(SolutionProperties) = preSolution
		HideSolutionNode = FALSE
	EndGlobalSection
	GlobalSection(NestedProjects) = preSolution
		{B4105D56-770E-4689-A6D1-F1EE045C03BA} = {07779346-4FE9-4416-ACB8-662621F68779}
		{D3B273AE-30AA-48C9-A4D6-145FA31A6964} = {AC3EE4AB-620E-485E-A883-5861D74D2FF0}
		{AFA92727-A10A-4247-BF39-2D7E54512E5E} = {AC3EE4AB-620E-485E-A883-5861D74D2FF0}
		{6113598A-996F-48AD-A3F5-4DE1FE0B4FD1} = {AC3EE4AB-620E-485E-A883-5861D74D2FF0}
		{28C9F35C-CD9F-40F7-A0DB-C646E8F96A22} = {AC3EE4AB-620E-485E-A883-5861D74D2FF0}
		{4B2BC93E-4259-4AFF-BFB0-0D7FA3253AE8} = {20394C04-D032-483D-A144-CAEC53BD9E0A}
		{C3702883-90BC-4941-A48F-E4473D405251} = {AC3EE4AB-620E-485E-A883-5861D74D2FF0}
		{A055C52C-79DC-4056-B5D1-63B561086BEB} = {1AB5A1A2-42A6-4D69-95D6-1134B14D1AB9}
		{19E77C59-804D-4DAC-9F31-B37042F5DA18} = {AC3EE4AB-620E-485E-A883-5861D74D2FF0}
		{B6EDCBF6-8EC2-41C3-8A7F-6835641E6922} = {AC3EE4AB-620E-485E-A883-5861D74D2FF0}
	EndGlobalSection
	GlobalSection(ExtensibilityGlobals) = postSolution
		SolutionGuid = {498EFB9B-3467-4EE6-AE23-87524BE71353}
	EndGlobalSection
EndGlobal
